
Microsoft Visual Studio Solution File, Format Version 12.00
# Visual Studio 2013
VisualStudioVersion = 12.0.21005.1
MinimumVisualStudioVersion = 10.0.40219.1
Project("{FAE04EC0-301F-11D3-BF4B-00C04F79EFBC}") = "Chat_s", "Chat_s\Chat_s.csproj", "{B60E2896-5F60-4153-AD98-17C51F902056}"
EndProject
Project("{FAE04EC0-301F-11D3-BF4B-00C04F79EFBC}") = "Chat_c", "Chat_c\Chat_c.csproj", "{E54CB1EA-5FB4-4113-BE64-A0355BFA2A82}"
EndProject
Global
	GlobalSection(SolutionConfigurationPlatforms) = preSolution
		Debug|Any CPU = Debug|Any CPU
		Release|Any CPU = Release|Any CPU
	EndGlobalSection
	GlobalSection(ProjectConfigurationPlatforms) = postSolution
		{B60E2896-5F60-4153-AD98-17C51F902056}.Debug|Any CPU.ActiveCfg = Debug|Any CPU
		{B60E2896-5F60-4153-AD98-17C51F902056}.Debug|Any CPU.Build.0 = Debug|Any CPU
		{B60E2896-5F60-4153-AD98-17C51F902056}.Release|Any CPU.ActiveCfg = Release|Any CPU
		{B60E2896-5F60-4153-AD98-17C51F902056}.Release|Any CPU.Build.0 = Release|Any CPU
		{E54CB1EA-5FB4-4113-BE64-A0355BFA2A82}.Debug|Any CPU.ActiveCfg = Debug|Any CPU
		{E54CB1EA-5FB4-4113-BE64-A0355BFA2A82}.Debug|Any CPU.Build.0 = Debug|Any CPU
		{E54CB1EA-5FB4-4113-BE64-A0355BFA2A82}.Release|Any CPU.ActiveCfg = Release|Any CPU
		{E54CB1EA-5FB4-4113-BE64-A0355BFA2A82}.Release|Any CPU.Build.0 = Release|Any CPU
	EndGlobalSection
	GlobalSection(SolutionProperties) = preSolution
		HideSolutionNode = FALSE
	EndGlobalSection
EndGlobal
